
Microsoft Visual Studio Solution File, Format Version 12.00
# Visual Studio Version 16
VisualStudioVersion = 16.0.32630.194
MinimumVisualStudioVersion = 10.0.40219.1
Project("{FAE04EC0-301F-11D3-BF4B-00C04F79EFBC}") = "KioscoConsulta", "KioscoConsulta.csproj", "{231A2044-4652-46B0-8437-4A24BC5215DA}"
EndProject
Global
	GlobalSection(SolutionConfigurationPlatforms) = preSolution
		Debug|Any CPU = Debug|Any CPU
		Release|Any CPU = Release|Any CPU
	EndGlobalSection
	GlobalSection(ProjectConfigurationPlatforms) = postSolution
		{231A2044-4652-46B0-8437-4A24BC5215DA}.Debug|Any CPU.ActiveCfg = Debug|Any CPU
		{231A2044-4652-46B0-8437-4A24BC5215DA}.Debug|Any CPU.Build.0 = Debug|Any CPU
		{231A2044-4652-46B0-8437-4A24BC5215DA}.Release|Any CPU.ActiveCfg = Release|Any CPU
		{231A2044-4652-46B0-8437-4A24BC5215DA}.Release|Any CPU.Build.0 = Release|Any CPU
	EndGlobalSection
	GlobalSection(SolutionProperties) = preSolution
		HideSolutionNode = FALSE
	EndGlobalSection
	GlobalSection(ExtensibilityGlobals) = postSolution
		SolutionGuid = {264DCBB2-634A-46EC-B225-E7681A734BEE}
	EndGlobalSection
EndGlobal
